PODS:
  - Alamofire (4.0.0)
  - ApplicationSupport (1.0.0):
    - ObjectMapper (~> 1.3)
    - SwiftyBeaver
  - CRUDRecord (0.1.0):
    - Alamofire (~> 4.0)
    - ApplicationSupport
  - ObjectMapper (1.4.0)
  - SwiftyBeaver (1.0.3)

DEPENDENCIES:
  - ApplicationSupport (from `~/Documents/xcode/ApplicationSupport`)
  - CRUDRecord (from `../`)
  - ObjectMapper (from `~/Documents/xcode/ObjectMapper`)

EXTERNAL SOURCES:
  ApplicationSupport:
    :path: ~/Documents/xcode/ApplicationSupport
  CRUDRecord:
    :path: ../
  ObjectMapper:
    :path: ~/Documents/xcode/ObjectMapper

SPEC CHECKSUMS:
  Alamofire: fef59f00388f267e52d9b432aa5d93dc97190f14
  ApplicationSupport: 1ce814a6a127f1a9566904cd75d603a8d61b1185
  CRUDRecord: 8f871439641676001b5b0ac76ca2c3f66c070e09
  ObjectMapper: a07ad0462c5adf014adc0f89ef04c29b626e855e
  SwiftyBeaver: e42a664ffbdb5ec68ce968ffd3c54f619c92e0d7

PODFILE CHECKSUM: 80220b3192d2f01f55019bde54c828727cb83b78

COCOAPODS: 1.0.1
